
Microsoft Visual Studio Solution File, Format Version 12.00
# Visual Studio Version 17
VisualStudioVersion = 17.0.32126.317
MinimumVisualStudioVersion = 10.0.40219.1
Project("{FAE04EC0-301F-11D3-BF4B-00C04F79EFBC}") = "DefiningClasses", "DefiningClasses\DefiningClasses.csproj", "{E0B360AD-6691-4FE3-83D2-DB2BD63E4F3B}"
EndProject
Global
	GlobalSection(SolutionConfigurationPlatforms) = preSolution
		Debug|Any CPU = Debug|Any CPU
		Release|Any CPU = Release|Any CPU
	EndGlobalSection
	GlobalSection(ProjectConfigurationPlatforms) = postSolution
		{E0B360AD-6691-4FE3-83D2-DB2BD63E4F3B}.Debug|Any CPU.ActiveCfg = Debug|Any CPU
		{E0B360AD-6691-4FE3-83D2-DB2BD63E4F3B}.Debug|Any CPU.Build.0 = Debug|Any CPU
		{E0B360AD-6691-4FE3-83D2-DB2BD63E4F3B}.Release|Any CPU.ActiveCfg = Release|Any CPU
		{E0B360AD-6691-4FE3-83D2-DB2BD63E4F3B}.Release|Any CPU.Build.0 = Release|Any CPU
	EndGlobalSection
	GlobalSection(SolutionProperties) = preSolution
		HideSolutionNode = FALSE
	EndGlobalSection
	GlobalSection(ExtensibilityGlobals) = postSolution
		SolutionGuid = {B8FFFE3A-8E6D-4DB0-AB79-84A4F9EECAF4}
	EndGlobalSection
EndGlobal
