
Microsoft Visual Studio Solution File, Format Version 12.00
# Visual Studio Version 17
VisualStudioVersion = 17.2.32616.157
MinimumVisualStudioVersion = 10.0.40219.1
Project("{FAE04EC0-301F-11D3-BF4B-00C04F79EFBC}") = "01. Tiles Master", "01. Tiles Master\01. Tiles Master.csproj", "{91C044E8-661E-4232-808E-BE00C617443B}"
EndProject
Project("{FAE04EC0-301F-11D3-BF4B-00C04F79EFBC}") = "02. Wall Destroyer", "02. Wall Destroyer\02. Wall Destroyer.csproj", "{494908DB-8442-4E90-81BE-A578EBC347B2}"
EndProject
Global
	GlobalSection(SolutionConfigurationPlatforms) = preSolution
		Debug|Any CPU = Debug|Any CPU
		Release|Any CPU = Release|Any CPU
	EndGlobalSection
	GlobalSection(ProjectConfigurationPlatforms) = postSolution
		{91C044E8-661E-4232-808E-BE00C617443B}.Debug|Any CPU.ActiveCfg = Debug|Any CPU
		{91C044E8-661E-4232-808E-BE00C617443B}.Debug|Any CPU.Build.0 = Debug|Any CPU
		{91C044E8-661E-4232-808E-BE00C617443B}.Release|Any CPU.ActiveCfg = Release|Any CPU
		{91C044E8-661E-4232-808E-BE00C617443B}.Release|Any CPU.Build.0 = Release|Any CPU
		{494908DB-8442-4E90-81BE-A578EBC347B2}.Debug|Any CPU.ActiveCfg = Debug|Any CPU
		{494908DB-8442-4E90-81BE-A578EBC347B2}.Debug|Any CPU.Build.0 = Debug|Any CPU
		{494908DB-8442-4E90-81BE-A578EBC347B2}.Release|Any CPU.ActiveCfg = Release|Any CPU
		{494908DB-8442-4E90-81BE-A578EBC347B2}.Release|Any CPU.Build.0 = Release|Any CPU
	EndGlobalSection
	GlobalSection(SolutionProperties) = preSolution
		HideSolutionNode = FALSE
	EndGlobalSection
	GlobalSection(ExtensibilityGlobals) = postSolution
		SolutionGuid = {154F6A8D-99AC-4917-AA22-0AB8AF881C7D}
	EndGlobalSection
EndGlobal
