
Microsoft Visual Studio Solution File, Format Version 12.00
# Visual Studio Version 17
VisualStudioVersion = 17.2.32616.157
MinimumVisualStudioVersion = 10.0.40219.1
Project("{FAE04EC0-301F-11D3-BF4B-00C04F79EFBC}") = "Renovators", "Renovators\Renovators.csproj", "{31E0112A-2B60-44CB-B767-2ADD85EA6747}"
EndProject
Global
	GlobalSection(SolutionConfigurationPlatforms) = preSolution
		Debug|Any CPU = Debug|Any CPU
		Release|Any CPU = Release|Any CPU
	EndGlobalSection
	GlobalSection(ProjectConfigurationPlatforms) = postSolution
		{31E0112A-2B60-44CB-B767-2ADD85EA6747}.Debug|Any CPU.ActiveCfg = Debug|Any CPU
		{31E0112A-2B60-44CB-B767-2ADD85EA6747}.Debug|Any CPU.Build.0 = Debug|Any CPU
		{31E0112A-2B60-44CB-B767-2ADD85EA6747}.Release|Any CPU.ActiveCfg = Release|Any CPU
		{31E0112A-2B60-44CB-B767-2ADD85EA6747}.Release|Any CPU.Build.0 = Release|Any CPU
	EndGlobalSection
	GlobalSection(SolutionProperties) = preSolution
		HideSolutionNode = FALSE
	EndGlobalSection
	GlobalSection(ExtensibilityGlobals) = postSolution
		SolutionGuid = {2EFCAD7C-5A5D-4BA2-B6C5-1A90BD3D7FF6}
	EndGlobalSection
EndGlobal
